// !$*UTF8*$!
{
	archiveVersion = 1;
	classes = {
	};
	objectVersion = 55;
	objects = {

/* Begin PBXBuildFile section */
		3E6C9E7F27D6A4A8007B96BF /* AppDelegate.swift in Sources */ = {isa = PBXBuildFile; fileRef = 3E6C9E7E27D6A4A8007B96BF /* AppDelegate.swift */; };
		3E6C9E8127D6A4A8007B96BF /* SceneDelegate.swift in Sources */ = {isa = PBXBuildFile; fileRef = 3E6C9E8027D6A4A8007B96BF /* SceneDelegate.swift */; };
		3E6C9E8327D6A4A8007B96BF /* MainViewController.swift in Sources */ = {isa = PBXBuildFile; fileRef = 3E6C9E8227D6A4A8007B96BF /* MainViewController.swift */; };
		3E6C9E8627D6A4A8007B96BF /* Main.storyboard in Resources */ = {isa = PBXBuildFile; fileRef = 3E6C9E8427D6A4A8007B96BF /* Main.storyboard */; };
		3E6C9E8827D6A4AB007B96BF /* Assets.xcassets in Resources */ = {isa = PBXBuildFile; fileRef = 3E6C9E8727D6A4AB007B96BF /* Assets.xcassets */; };
		3E6C9E8B27D6A4AB007B96BF /* LaunchScreen.storyboard in Resources */ = {isa = PBXBuildFile; fileRef = 3E6C9E8927D6A4AB007B96BF /* LaunchScreen.storyboard */; };
		3E6C9E9627D6A4AB007B96BF /* o2geeks_testTests.swift in Sources */ = {isa = PBXBuildFile; fileRef = 3E6C9E9527D6A4AB007B96BF /* o2geeks_testTests.swift */; };
		3E6C9EA027D6A4AB007B96BF /* o2geeks_testUITests.swift in Sources */ = {isa = PBXBuildFile; fileRef = 3E6C9E9F27D6A4AB007B96BF /* o2geeks_testUITests.swift */; };
		3E6C9EA227D6A4AB007B96BF /* o2geeks_testUITestsLaunchTests.swift in Sources */ = {isa = PBXBuildFile; fileRef = 3E6C9EA127D6A4AB007B96BF /* o2geeks_testUITestsLaunchTests.swift */; };
		3E6C9EB527D6B2E3007B96BF /* UIView+Extension.swift in Sources */ = {isa = PBXBuildFile; fileRef = 3E6C9EB427D6B2E3007B96BF /* UIView+Extension.swift */; };
		3E6C9EB727D6B322007B96BF /* UIViewController+Extension.swift in Sources */ = {isa = PBXBuildFile; fileRef = 3E6C9EB627D6B322007B96BF /* UIViewController+Extension.swift */; };
		3E6C9EB927D6B5FE007B96BF /* UITableViewCell+Extension.swift in Sources */ = {isa = PBXBuildFile; fileRef = 3E6C9EB827D6B5FE007B96BF /* UITableViewCell+Extension.swift */; };
		3E6C9EBB27D6B635007B96BF /* UICollectionViewCell+Extension.swift in Sources */ = {isa = PBXBuildFile; fileRef = 3E6C9EBA27D6B635007B96BF /* UICollectionViewCell+Extension.swift */; };
		3E6C9EBD27D6B662007B96BF /* UICollectionView+Extension.swift in Sources */ = {isa = PBXBuildFile; fileRef = 3E6C9EBC27D6B662007B96BF /* UICollectionView+Extension.swift */; };
		3E6C9EBF27D6B691007B96BF /* UITableView+Extension.swift in Sources */ = {isa = PBXBuildFile; fileRef = 3E6C9EBE27D6B691007B96BF /* UITableView+Extension.swift */; };
		3E6C9EC127D6B6B5007B96BF /* UIScrollView+Extension.swift in Sources */ = {isa = PBXBuildFile; fileRef = 3E6C9EC027D6B6B4007B96BF /* UIScrollView+Extension.swift */; };
		3E6C9EC327D6B6EA007B96BF /* UIFont+Extension.swift in Sources */ = {isa = PBXBuildFile; fileRef = 3E6C9EC227D6B6EA007B96BF /* UIFont+Extension.swift */; };
		3E6C9EC627D73A95007B96BF /* AppConstants.swift in Sources */ = {isa = PBXBuildFile; fileRef = 3E6C9EC527D73A95007B96BF /* AppConstants.swift */; };
		3E6C9ECC27D754FE007B96BF /* ProfileTableViewSections.swift in Sources */ = {isa = PBXBuildFile; fileRef = 3E6C9ECB27D754FE007B96BF /* ProfileTableViewSections.swift */; };
		3E6C9ECF27D756FC007B96BF /* FriendsCollectionViewCell.swift in Sources */ = {isa = PBXBuildFile; fileRef = 3E6C9ECD27D756FC007B96BF /* FriendsCollectionViewCell.swift */; };
		3E6C9ED027D756FC007B96BF /* FriendsCollectionViewCell.xib in Resources */ = {isa = PBXBuildFile; fileRef = 3E6C9ECE27D756FC007B96BF /* FriendsCollectionViewCell.xib */; };
		3E6C9ED327D7571B007B96BF /* UserMediaCollectionViewCell.swift in Sources */ = {isa = PBXBuildFile; fileRef = 3E6C9ED127D7571B007B96BF /* UserMediaCollectionViewCell.swift */; };
		3E6C9ED427D7571B007B96BF /* UserMediaCollectionViewCell.xib in Resources */ = {isa = PBXBuildFile; fileRef = 3E6C9ED227D7571B007B96BF /* UserMediaCollectionViewCell.xib */; };
		3E6C9ED727D7575F007B96BF /* UserNameImageTableViewCell.swift in Sources */ = {isa = PBXBuildFile; fileRef = 3E6C9ED527D7575F007B96BF /* UserNameImageTableViewCell.swift */; };
		3E6C9ED827D7575F007B96BF /* UserNameImageTableViewCell.xib in Resources */ = {isa = PBXBuildFile; fileRef = 3E6C9ED627D7575F007B96BF /* UserNameImageTableViewCell.xib */; };
		3E6C9EDB27D759AE007B96BF /* EditProfileTableViewCell.swift in Sources */ = {isa = PBXBuildFile; fileRef = 3E6C9ED927D759AE007B96BF /* EditProfileTableViewCell.swift */; };
		3E6C9EDC27D759AE007B96BF /* EditProfileTableViewCell.xib in Resources */ = {isa = PBXBuildFile; fileRef = 3E6C9EDA27D759AE007B96BF /* EditProfileTableViewCell.xib */; };
		3E6C9EDF27D75C77007B96BF /* FollowersTableViewCell.swift in Sources */ = {isa = PBXBuildFile; fileRef = 3E6C9EDD27D75C77007B96BF /* FollowersTableViewCell.swift */; };
		3E6C9EE027D75C77007B96BF /* FollowersTableViewCell.xib in Resources */ = {isa = PBXBuildFile; fileRef = 3E6C9EDE27D75C77007B96BF /* FollowersTableViewCell.xib */; };
		3E6C9EE327D76625007B96BF /* UserDetailsTableViewCell.swift in Sources */ = {isa = PBXBuildFile; fileRef = 3E6C9EE127D76625007B96BF /* UserDetailsTableViewCell.swift */; };
		3E6C9EE427D76625007B96BF /* UserDetailsTableViewCell.xib in Resources */ = {isa = PBXBuildFile; fileRef = 3E6C9EE227D76625007B96BF /* UserDetailsTableViewCell.xib */; };
		3E6C9EE727D772E8007B96BF /* FriendsTableViewCell.swift in Sources */ = {isa = PBXBuildFile; fileRef = 3E6C9EE527D772E8007B96BF /* FriendsTableViewCell.swift */; };
		3E6C9EE827D772E8007B96BF /* FriendsTableViewCell.xib in Resources */ = {isa = PBXBuildFile; fileRef = 3E6C9EE627D772E8007B96BF /* FriendsTableViewCell.xib */; };
/* End PBXBuildFile section */

/* Begin PBXContainerItemProxy section */
		3E6C9E9227D6A4AB007B96BF /* PBXContainerItemProxy */ = {
			isa = PBXContainerItemProxy;
			containerPortal = 3E6C9E7327D6A4A8007B96BF /* Project object */;
			proxyType = 1;
			remoteGlobalIDString = 3E6C9E7A27D6A4A8007B96BF;
			remoteInfo = "o2geeks-test";
		};
		3E6C9E9C27D6A4AB007B96BF /* PBXContainerItemProxy */ = {
			isa = PBXContainerItemProxy;
			containerPortal = 3E6C9E7327D6A4A8007B96BF /* Project object */;
			proxyType = 1;
			remoteGlobalIDString = 3E6C9E7A27D6A4A8007B96BF;
			remoteInfo = "o2geeks-test";
		};
/* End PBXContainerItemProxy section */

/* Begin PBXFileReference section */
		3E6C9E7B27D6A4A8007B96BF /* o2geeks-test.app */ = {isa = PBXFileReference; explicitFileType = wrapper.application; includeInIndex = 0; path = "o2geeks-test.app"; sourceTree = BUILT_PRODUCTS_DIR; };
		3E6C9E7E27D6A4A8007B96BF /* AppDelegate.swift */ = {isa = PBXFileReference; lastKnownFileType = sourcecode.swift; path = AppDelegate.swift; sourceTree = "<group>"; };
		3E6C9E8027D6A4A8007B96BF /* SceneDelegate.swift */ = {isa = PBXFileReference; lastKnownFileType = sourcecode.swift; path = SceneDelegate.swift; sourceTree = "<group>"; };
		3E6C9E8227D6A4A8007B96BF /* MainViewController.swift */ = {isa = PBXFileReference; lastKnownFileType = sourcecode.swift; path = MainViewController.swift; sourceTree = "<group>"; };
		3E6C9E8527D6A4A8007B96BF /* Base */ = {isa = PBXFileReference; lastKnownFileType = file.storyboard; name = Base; path = Base.lproj/Main.storyboard; sourceTree = "<group>"; };
		3E6C9E8727D6A4AB007B96BF /* Assets.xcassets */ = {isa = PBXFileReference; lastKnownFileType = folder.assetcatalog; path = Assets.xcassets; sourceTree = "<group>"; };
		3E6C9E8A27D6A4AB007B96BF /* Base */ = {isa = PBXFileReference; lastKnownFileType = file.storyboard; name = Base; path = Base.lproj/LaunchScreen.storyboard; sourceTree = "<group>"; };
		3E6C9E8C27D6A4AB007B96BF /* Info.plist */ = {isa = PBXFileReference; lastKnownFileType = text.plist.xml; path = Info.plist; sourceTree = "<group>"; };
		3E6C9E9127D6A4AB007B96BF /* o2geeks-testTests.xctest */ = {isa = PBXFileReference; explicitFileType = wrapper.cfbundle; includeInIndex = 0; path = "o2geeks-testTests.xctest"; sourceTree = BUILT_PRODUCTS_DIR; };
		3E6C9E9527D6A4AB007B96BF /* o2geeks_testTests.swift */ = {isa = PBXFileReference; lastKnownFileType = sourcecode.swift; path = o2geeks_testTests.swift; sourceTree = "<group>"; };
		3E6C9E9B27D6A4AB007B96BF /* o2geeks-testUITests.xctest */ = {isa = PBXFileReference; explicitFileType = wrapper.cfbundle; includeInIndex = 0; path = "o2geeks-testUITests.xctest"; sourceTree = BUILT_PRODUCTS_DIR; };
		3E6C9E9F27D6A4AB007B96BF /* o2geeks_testUITests.swift */ = {isa = PBXFileReference; lastKnownFileType = sourcecode.swift; path = o2geeks_testUITests.swift; sourceTree = "<group>"; };
		3E6C9EA127D6A4AB007B96BF /* o2geeks_testUITestsLaunchTests.swift */ = {isa = PBXFileReference; lastKnownFileType = sourcecode.swift; path = o2geeks_testUITestsLaunchTests.swift; sourceTree = "<group>"; };
		3E6C9EB427D6B2E3007B96BF /* UIView+Extension.swift */ = {isa = PBXFileReference; lastKnownFileType = sourcecode.swift; path = "UIView+Extension.swift"; sourceTree = "<group>"; };
		3E6C9EB627D6B322007B96BF /* UIViewController+Extension.swift */ = {isa = PBXFileReference; lastKnownFileType = sourcecode.swift; path = "UIViewController+Extension.swift"; sourceTree = "<group>"; };
		3E6C9EB827D6B5FE007B96BF /* UITableViewCell+Extension.swift */ = {isa = PBXFileReference; lastKnownFileType = sourcecode.swift; path = "UITableViewCell+Extension.swift"; sourceTree = "<group>"; };
		3E6C9EBA27D6B635007B96BF /* UICollectionViewCell+Extension.swift */ = {isa = PBXFileReference; lastKnownFileType = sourcecode.swift; path = "UICollectionViewCell+Extension.swift"; sourceTree = "<group>"; };
		3E6C9EBC27D6B662007B96BF /* UICollectionView+Extension.swift */ = {isa = PBXFileReference; lastKnownFileType = sourcecode.swift; path = "UICollectionView+Extension.swift"; sourceTree = "<group>"; };
		3E6C9EBE27D6B691007B96BF /* UITableView+Extension.swift */ = {isa = PBXFileReference; lastKnownFileType = sourcecode.swift; path = "UITableView+Extension.swift"; sourceTree = "<group>"; };
		3E6C9EC027D6B6B4007B96BF /* UIScrollView+Extension.swift */ = {isa = PBXFileReference; lastKnownFileType = sourcecode.swift; path = "UIScrollView+Extension.swift"; sourceTree = "<group>"; };
		3E6C9EC227D6B6EA007B96BF /* UIFont+Extension.swift */ = {isa = PBXFileReference; lastKnownFileType = sourcecode.swift; path = "UIFont+Extension.swift"; sourceTree = "<group>"; };
		3E6C9EC527D73A95007B96BF /* AppConstants.swift */ = {isa = PBXFileReference; lastKnownFileType = sourcecode.swift; path = AppConstants.swift; sourceTree = "<group>"; };
		3E6C9ECB27D754FE007B96BF /* ProfileTableViewSections.swift */ = {isa = PBXFileReference; lastKnownFileType = sourcecode.swift; path = ProfileTableViewSections.swift; sourceTree = "<group>"; };
		3E6C9ECD27D756FC007B96BF /* FriendsCollectionViewCell.swift */ = {isa = PBXFileReference; lastKnownFileType = sourcecode.swift; path = FriendsCollectionViewCell.swift; sourceTree = "<group>"; };
		3E6C9ECE27D756FC007B96BF /* FriendsCollectionViewCell.xib */ = {isa = PBXFileReference; lastKnownFileType = file.xib; path = FriendsCollectionViewCell.xib; sourceTree = "<group>"; };
		3E6C9ED127D7571B007B96BF /* UserMediaCollectionViewCell.swift */ = {isa = PBXFileReference; lastKnownFileType = sourcecode.swift; path = UserMediaCollectionViewCell.swift; sourceTree = "<group>"; };
		3E6C9ED227D7571B007B96BF /* UserMediaCollectionViewCell.xib */ = {isa = PBXFileReference; lastKnownFileType = file.xib; path = UserMediaCollectionViewCell.xib; sourceTree = "<group>"; };
		3E6C9ED527D7575F007B96BF /* UserNameImageTableViewCell.swift */ = {isa = PBXFileReference; lastKnownFileType = sourcecode.swift; path = UserNameImageTableViewCell.swift; sourceTree = "<group>"; };
		3E6C9ED627D7575F007B96BF /* UserNameImageTableViewCell.xib */ = {isa = PBXFileReference; lastKnownFileType = file.xib; path = UserNameImageTableViewCell.xib; sourceTree = "<group>"; };
		3E6C9ED927D759AE007B96BF /* EditProfileTableViewCell.swift */ = {isa = PBXFileReference; lastKnownFileType = sourcecode.swift; path = EditProfileTableViewCell.swift; sourceTree = "<group>"; };
		3E6C9EDA27D759AE007B96BF /* EditProfileTableViewCell.xib */ = {isa = PBXFileReference; lastKnownFileType = file.xib; path = EditProfileTableViewCell.xib; sourceTree = "<group>"; };
		3E6C9EDD27D75C77007B96BF /* FollowersTableViewCell.swift */ = {isa = PBXFileReference; lastKnownFileType = sourcecode.swift; path = FollowersTableViewCell.swift; sourceTree = "<group>"; };
		3E6C9EDE27D75C77007B96BF /* FollowersTableViewCell.xib */ = {isa = PBXFileReference; lastKnownFileType = file.xib; path = FollowersTableViewCell.xib; sourceTree = "<group>"; };
		3E6C9EE127D76625007B96BF /* UserDetailsTableViewCell.swift */ = {isa = PBXFileReference; lastKnownFileType = sourcecode.swift; path = UserDetailsTableViewCell.swift; sourceTree = "<group>"; };
		3E6C9EE227D76625007B96BF /* UserDetailsTableViewCell.xib */ = {isa = PBXFileReference; lastKnownFileType = file.xib; path = UserDetailsTableViewCell.xib; sourceTree = "<group>"; };
		3E6C9EE527D772E8007B96BF /* FriendsTableViewCell.swift */ = {isa = PBXFileReference; lastKnownFileType = sourcecode.swift; path = FriendsTableViewCell.swift; sourceTree = "<group>"; };
		3E6C9EE627D772E8007B96BF /* FriendsTableViewCell.xib */ = {isa = PBXFileReference; lastKnownFileType = file.xib; path = FriendsTableViewCell.xib; sourceTree = "<group>"; };
/* End PBXFileReference section */

/* Begin PBXFrameworksBuildPhase section */
		3E6C9E7827D6A4A8007B96BF /* Frameworks */ = {
			isa = PBXFrameworksBuildPhase;
			buildActionMask = 2147483647;
			files = (
			);
			runOnlyForDeploymentPostprocessing = 0;
		};
		3E6C9E8E27D6A4AB007B96BF /* Frameworks */ = {
			isa = PBXFrameworksBuildPhase;
			buildActionMask = 2147483647;
			files = (
			);
			runOnlyForDeploymentPostprocessing = 0;
		};
		3E6C9E9827D6A4AB007B96BF /* Frameworks */ = {
			isa = PBXFrameworksBuildPhase;
			buildActionMask = 2147483647;
			files = (
			);
			runOnlyForDeploymentPostprocessing = 0;
		};
/* End PBXFrameworksBuildPhase section */

/* Begin PBXGroup section */
		3E6C9E7227D6A4A8007B96BF = {
			isa = PBXGroup;
			children = (
				3E6C9E7D27D6A4A8007B96BF /* o2geeks-test */,
				3E6C9E9427D6A4AB007B96BF /* o2geeks-testTests */,
				3E6C9E9E27D6A4AB007B96BF /* o2geeks-testUITests */,
				3E6C9E7C27D6A4A8007B96BF /* Products */,
			);
			sourceTree = "<group>";
		};
		3E6C9E7C27D6A4A8007B96BF /* Products */ = {
			isa = PBXGroup;
			children = (
				3E6C9E7B27D6A4A8007B96BF /* o2geeks-test.app */,
				3E6C9E9127D6A4AB007B96BF /* o2geeks-testTests.xctest */,
				3E6C9E9B27D6A4AB007B96BF /* o2geeks-testUITests.xctest */,
			);
			name = Products;
			sourceTree = "<group>";
		};
		3E6C9E7D27D6A4A8007B96BF /* o2geeks-test */ = {
			isa = PBXGroup;
			children = (
				3E6C9EC427D73A83007B96BF /* AppConstants */,
				3E6C9EB327D6B2CE007B96BF /* Extensions */,
				3E6C9EB027D6A6BB007B96BF /* Main */,
				3E6C9EAF27D6A6A2007B96BF /* AppUtils */,
				3E6C9EAE27D6A687007B96BF /* AppDelegates */,
			);
			path = "o2geeks-test";
			sourceTree = "<group>";
		};
		3E6C9E9427D6A4AB007B96BF /* o2geeks-testTests */ = {
			isa = PBXGroup;
			children = (
				3E6C9E9527D6A4AB007B96BF /* o2geeks_testTests.swift */,
			);
			path = "o2geeks-testTests";
			sourceTree = "<group>";
		};
		3E6C9E9E27D6A4AB007B96BF /* o2geeks-testUITests */ = {
			isa = PBXGroup;
			children = (
				3E6C9E9F27D6A4AB007B96BF /* o2geeks_testUITests.swift */,
				3E6C9EA127D6A4AB007B96BF /* o2geeks_testUITestsLaunchTests.swift */,
			);
			path = "o2geeks-testUITests";
			sourceTree = "<group>";
		};
		3E6C9EAE27D6A687007B96BF /* AppDelegates */ = {
			isa = PBXGroup;
			children = (
				3E6C9E7E27D6A4A8007B96BF /* AppDelegate.swift */,
				3E6C9E8027D6A4A8007B96BF /* SceneDelegate.swift */,
			);
			path = AppDelegates;
			sourceTree = "<group>";
		};
		3E6C9EAF27D6A6A2007B96BF /* AppUtils */ = {
			isa = PBXGroup;
			children = (
				3E6C9E8C27D6A4AB007B96BF /* Info.plist */,
				3E6C9E8927D6A4AB007B96BF /* LaunchScreen.storyboard */,
				3E6C9E8727D6A4AB007B96BF /* Assets.xcassets */,
			);
			path = AppUtils;
			sourceTree = "<group>";
		};
		3E6C9EB027D6A6BB007B96BF /* Main */ = {
			isa = PBXGroup;
			children = (
				3E6C9ECA27D754E4007B96BF /* Helpers */,
				3E6C9EC727D754A1007B96BF /* Components */,
				3E6C9EB227D6A6CD007B96BF /* Controllers */,
				3E6C9EB127D6A6C2007B96BF /* Interface */,
			);
			path = Main;
			sourceTree = "<group>";
		};
		3E6C9EB127D6A6C2007B96BF /* Interface */ = {
			isa = PBXGroup;
			children = (
				3E6C9E8427D6A4A8007B96BF /* Main.storyboard */,
			);
			path = Interface;
			sourceTree = "<group>";
		};
		3E6C9EB227D6A6CD007B96BF /* Controllers */ = {
			isa = PBXGroup;
			children = (
				3E6C9E8227D6A4A8007B96BF /* MainViewController.swift */,
			);
			path = Controllers;
			sourceTree = "<group>";
		};
		3E6C9EB327D6B2CE007B96BF /* Extensions */ = {
			isa = PBXGroup;
			children = (
				3E6C9EB427D6B2E3007B96BF /* UIView+Extension.swift */,
				3E6C9EB627D6B322007B96BF /* UIViewController+Extension.swift */,
				3E6C9EB827D6B5FE007B96BF /* UITableViewCell+Extension.swift */,
				3E6C9EBA27D6B635007B96BF /* UICollectionViewCell+Extension.swift */,
				3E6C9EBC27D6B662007B96BF /* UICollectionView+Extension.swift */,
				3E6C9EBE27D6B691007B96BF /* UITableView+Extension.swift */,
				3E6C9EC027D6B6B4007B96BF /* UIScrollView+Extension.swift */,
				3E6C9EC227D6B6EA007B96BF /* UIFont+Extension.swift */,
			);
			path = Extensions;
			sourceTree = "<group>";
		};
		3E6C9EC427D73A83007B96BF /* AppConstants */ = {
			isa = PBXGroup;
			children = (
				3E6C9EC527D73A95007B96BF /* AppConstants.swift */,
			);
			path = AppConstants;
			sourceTree = "<group>";
		};
		3E6C9EC727D754A1007B96BF /* Components */ = {
			isa = PBXGroup;
			children = (
				3E6C9EC927D754B2007B96BF /* CollectionViewCells */,
				3E6C9EC827D754AA007B96BF /* TableViewCells */,
			);
			path = Components;
			sourceTree = "<group>";
		};
		3E6C9EC827D754AA007B96BF /* TableViewCells */ = {
			isa = PBXGroup;
			children = (
				3E6C9ED527D7575F007B96BF /* UserNameImageTableViewCell.swift */,
				3E6C9ED627D7575F007B96BF /* UserNameImageTableViewCell.xib */,
				3E6C9ED927D759AE007B96BF /* EditProfileTableViewCell.swift */,
				3E6C9EDA27D759AE007B96BF /* EditProfileTableViewCell.xib */,
				3E6C9EDD27D75C77007B96BF /* FollowersTableViewCell.swift */,
				3E6C9EDE27D75C77007B96BF /* FollowersTableViewCell.xib */,
				3E6C9EE127D76625007B96BF /* UserDetailsTableViewCell.swift */,
				3E6C9EE227D76625007B96BF /* UserDetailsTableViewCell.xib */,
				3E6C9EE527D772E8007B96BF /* FriendsTableViewCell.swift */,
				3E6C9EE627D772E8007B96BF /* FriendsTableViewCell.xib */,
			);
			path = TableViewCells;
			sourceTree = "<group>";
		};
		3E6C9EC927D754B2007B96BF /* CollectionViewCells */ = {
			isa = PBXGroup;
			children = (
				3E6C9ECD27D756FC007B96BF /* FriendsCollectionViewCell.swift */,
				3E6C9ECE27D756FC007B96BF /* FriendsCollectionViewCell.xib */,
				3E6C9ED127D7571B007B96BF /* UserMediaCollectionViewCell.swift */,
				3E6C9ED227D7571B007B96BF /* UserMediaCollectionViewCell.xib */,
			);
			path = CollectionViewCells;
			sourceTree = "<group>";
		};
		3E6C9ECA27D754E4007B96BF /* Helpers */ = {
			isa = PBXGroup;
			children = (
				3E6C9ECB27D754FE007B96BF /* ProfileTableViewSections.swift */,
			);
			path = Helpers;
			sourceTree = "<group>";
		};
/* End PBXGroup section */

/* Begin PBXNativeTarget section */
		3E6C9E7A27D6A4A8007B96BF /* o2geeks-test */ = {
			isa = PBXNativeTarget;
			buildConfigurationList = 3E6C9EA527D6A4AB007B96BF /* Build configuration list for PBXNativeTarget "o2geeks-test" */;
			buildPhases = (
				3E6C9E7727D6A4A8007B96BF /* Sources */,
				3E6C9E7827D6A4A8007B96BF /* Frameworks */,
				3E6C9E7927D6A4A8007B96BF /* Resources */,
			);
			buildRules = (
			);
			dependencies = (
			);
			name = "o2geeks-test";
			productName = "o2geeks-test";
			productReference = 3E6C9E7B27D6A4A8007B96BF /* o2geeks-test.app */;
			productType = "com.apple.product-type.application";
		};
		3E6C9E9027D6A4AB007B96BF /* o2geeks-testTests */ = {
			isa = PBXNativeTarget;
			buildConfigurationList = 3E6C9EA827D6A4AB007B96BF /* Build configuration list for PBXNativeTarget "o2geeks-testTests" */;
			buildPhases = (
				3E6C9E8D27D6A4AB007B96BF /* Sources */,
				3E6C9E8E27D6A4AB007B96BF /* Frameworks */,
				3E6C9E8F27D6A4AB007B96BF /* Resources */,
			);
			buildRules = (
			);
			dependencies = (
				3E6C9E9327D6A4AB007B96BF /* PBXTargetDependency */,
			);
			name = "o2geeks-testTests";
			productName = "o2geeks-testTests";
			productReference = 3E6C9E9127D6A4AB007B96BF /* o2geeks-testTests.xctest */;
			productType = "com.apple.product-type.bundle.unit-test";
		};
		3E6C9E9A27D6A4AB007B96BF /* o2geeks-testUITests */ = {
			isa = PBXNativeTarget;
			buildConfigurationList = 3E6C9EAB27D6A4AB007B96BF /* Build configuration list for PBXNativeTarget "o2geeks-testUITests" */;
			buildPhases = (
				3E6C9E9727D6A4AB007B96BF /* Sources */,
				3E6C9E9827D6A4AB007B96BF /* Frameworks */,
				3E6C9E9927D6A4AB007B96BF /* Resources */,
			);
			buildRules = (
			);
			dependencies = (
				3E6C9E9D27D6A4AB007B96BF /* PBXTargetDependency */,
			);
			name = "o2geeks-testUITests";
			productName = "o2geeks-testUITests";
			productReference = 3E6C9E9B27D6A4AB007B96BF /* o2geeks-testUITests.xctest */;
			productType = "com.apple.product-type.bundle.ui-testing";
		};
/* End PBXNativeTarget section */

/* Begin PBXProject section */
		3E6C9E7327D6A4A8007B96BF /* Project object */ = {
			isa = PBXProject;
			attributes = {
				BuildIndependentTargetsInParallel = 1;
				LastSwiftUpdateCheck = 1320;
				LastUpgradeCheck = 1320;
				TargetAttributes = {
					3E6C9E7A27D6A4A8007B96BF = {
						CreatedOnToolsVersion = 13.2.1;
					};
					3E6C9E9027D6A4AB007B96BF = {
						CreatedOnToolsVersion = 13.2.1;
						TestTargetID = 3E6C9E7A27D6A4A8007B96BF;
					};
					3E6C9E9A27D6A4AB007B96BF = {
						CreatedOnToolsVersion = 13.2.1;
						TestTargetID = 3E6C9E7A27D6A4A8007B96BF;
					};
				};
			};
			buildConfigurationList = 3E6C9E7627D6A4A8007B96BF /* Build configuration list for PBXProject "o2geeks-test" */;
			compatibilityVersion = "Xcode 13.0";
			developmentRegion = en;
			hasScannedForEncodings = 0;
			knownRegions = (
				en,
				Base,
			);
			mainGroup = 3E6C9E7227D6A4A8007B96BF;
			productRefGroup = 3E6C9E7C27D6A4A8007B96BF /* Products */;
			projectDirPath = "";
			projectRoot = "";
			targets = (
				3E6C9E7A27D6A4A8007B96BF /* o2geeks-test */,
				3E6C9E9027D6A4AB007B96BF /* o2geeks-testTests */,
				3E6C9E9A27D6A4AB007B96BF /* o2geeks-testUITests */,
			);
		};
/* End PBXProject section */

/* Begin PBXResourcesBuildPhase section */
		3E6C9E7927D6A4A8007B96BF /* Resources */ = {
			isa = PBXResourcesBuildPhase;
			buildActionMask = 2147483647;
			files = (
				3E6C9ED027D756FC007B96BF /* FriendsCollectionViewCell.xib in Resources */,
				3E6C9EE827D772E8007B96BF /* FriendsTableViewCell.xib in Resources */,
				3E6C9ED427D7571B007B96BF /* UserMediaCollectionViewCell.xib in Resources */,
				3E6C9EE427D76625007B96BF /* UserDetailsTableViewCell.xib in Resources */,
				3E6C9E8B27D6A4AB007B96BF /* LaunchScreen.storyboard in Resources */,
				3E6C9EE027D75C77007B96BF /* FollowersTableViewCell.xib in Resources */,
				3E6C9ED827D7575F007B96BF /* UserNameImageTableViewCell.xib in Resources */,
				3E6C9EDC27D759AE007B96BF /* EditProfileTableViewCell.xib in Resources */,
				3E6C9E8827D6A4AB007B96BF /* Assets.xcassets in Resources */,
				3E6C9E8627D6A4A8007B96BF /* Main.storyboard in Resources */,
			);
			runOnlyForDeploymentPostprocessing = 0;
		};
		3E6C9E8F27D6A4AB007B96BF /* Resources */ = {
			isa = PBXResourcesBuildPhase;
			buildActionMask = 2147483647;
			files = (
			);
			runOnlyForDeploymentPostprocessing = 0;
		};
		3E6C9E9927D6A4AB007B96BF /* Resources */ = {
			isa = PBXResourcesBuildPhase;
			buildActionMask = 2147483647;
			files = (
			);
			runOnlyForDeploymentPostprocessing = 0;
		};
/* End PBXResourcesBuildPhase section */

/* Begin PBXSourcesBuildPhase section */
		3E6C9E7727D6A4A8007B96BF /* Sources */ = {
			isa = PBXSourcesBuildPhase;
			buildActionMask = 2147483647;
			files = (
				3E6C9EBD27D6B662007B96BF /* UICollectionView+Extension.swift in Sources */,
				3E6C9E8327D6A4A8007B96BF /* MainViewController.swift in Sources */,
				3E6C9ED727D7575F007B96BF /* UserNameImageTableViewCell.swift in Sources */,
				3E6C9EE727D772E8007B96BF /* FriendsTableViewCell.swift in Sources */,
				3E6C9EE327D76625007B96BF /* UserDetailsTableViewCell.swift in Sources */,
				3E6C9ECF27D756FC007B96BF /* FriendsCollectionViewCell.swift in Sources */,
				3E6C9ED327D7571B007B96BF /* UserMediaCollectionViewCell.swift in Sources */,
				3E6C9EDF27D75C77007B96BF /* FollowersTableViewCell.swift in Sources */,
				3E6C9EBF27D6B691007B96BF /* UITableView+Extension.swift in Sources */,
				3E6C9EB927D6B5FE007B96BF /* UITableViewCell+Extension.swift in Sources */,
				3E6C9EBB27D6B635007B96BF /* UICollectionViewCell+Extension.swift in Sources */,
				3E6C9E7F27D6A4A8007B96BF /* AppDelegate.swift in Sources */,
				3E6C9EB527D6B2E3007B96BF /* UIView+Extension.swift in Sources */,
				3E6C9EDB27D759AE007B96BF /* EditProfileTableViewCell.swift in Sources */,
				3E6C9EC627D73A95007B96BF /* AppConstants.swift in Sources */,
				3E6C9EB727D6B322007B96BF /* UIViewController+Extension.swift in Sources */,
				3E6C9ECC27D754FE007B96BF /* ProfileTableViewSections.swift in Sources */,
				3E6C9E8127D6A4A8007B96BF /* SceneDelegate.swift in Sources */,
				3E6C9EC127D6B6B5007B96BF /* UIScrollView+Extension.swift in Sources */,
				3E6C9EC327D6B6EA007B96BF /* UIFont+Extension.swift in Sources */,
			);
			runOnlyForDeploymentPostprocessing = 0;
		};
		3E6C9E8D27D6A4AB007B96BF /* Sources */ = {
			isa = PBXSourcesBuildPhase;
			buildActionMask = 2147483647;
			files = (
				3E6C9E9627D6A4AB007B96BF /* o2geeks_testTests.swift in Sources */,
			);
			runOnlyForDeploymentPostprocessing = 0;
		};
		3E6C9E9727D6A4AB007B96BF /* Sources */ = {
			isa = PBXSourcesBuildPhase;
			buildActionMask = 2147483647;
			files = (
				3E6C9EA027D6A4AB007B96BF /* o2geeks_testUITests.swift in Sources */,
				3E6C9EA227D6A4AB007B96BF /* o2geeks_testUITestsLaunchTests.swift in Sources */,
			);
			runOnlyForDeploymentPostprocessing = 0;
		};
/* End PBXSourcesBuildPhase section */

/* Begin PBXTargetDependency section */
		3E6C9E9327D6A4AB007B96BF /* PBXTargetDependency */ = {
			isa = PBXTargetDependency;
			target = 3E6C9E7A27D6A4A8007B96BF /* o2geeks-test */;
			targetProxy = 3E6C9E9227D6A4AB007B96BF /* PBXContainerItemProxy */;
		};
		3E6C9E9D27D6A4AB007B96BF /* PBXTargetDependency */ = {
			isa = PBXTargetDependency;
			target = 3E6C9E7A27D6A4A8007B96BF /* o2geeks-test */;
			targetProxy = 3E6C9E9C27D6A4AB007B96BF /* PBXContainerItemProxy */;
		};
/* End PBXTargetDependency section */

/* Begin PBXVariantGroup section */
		3E6C9E8427D6A4A8007B96BF /* Main.storyboard */ = {
			isa = PBXVariantGroup;
			children = (
				3E6C9E8527D6A4A8007B96BF /* Base */,
			);
			name = Main.storyboard;
			sourceTree = "<group>";
		};
		3E6C9E8927D6A4AB007B96BF /* LaunchScreen.storyboard */ = {
			isa = PBXVariantGroup;
			children = (
				3E6C9E8A27D6A4AB007B96BF /* Base */,
			);
			name = LaunchScreen.storyboard;
			sourceTree = "<group>";
		};
/* End PBXVariantGroup section */

/* Begin XCBuildConfiguration section */
		3E6C9EA327D6A4AB007B96BF /* Debug */ = {
			isa = XCBuildConfiguration;
			buildSettings = {
				ALWAYS_SEARCH_USER_PATHS = NO;
				CLANG_ANALYZER_NONNULL = YES;
				CLANG_ANALYZER_NUMBER_OBJECT_CONVERSION = YES_AGGRESSIVE;
				CLANG_CXX_LANGUAGE_STANDARD = "gnu++17";
				CLANG_CXX_LIBRARY = "libc++";
				CLANG_ENABLE_MODULES = YES;
				CLANG_ENABLE_OBJC_ARC = YES;
				CLANG_ENABLE_OBJC_WEAK = YES;
				CLANG_WARN_BLOCK_CAPTURE_AUTORELEASING = YES;
				CLANG_WARN_BOOL_CONVERSION = YES;
				CLANG_WARN_COMMA = YES;
				CLANG_WARN_CONSTANT_CONVERSION = YES;
				CLANG_WARN_DEPRECATED_OBJC_IMPLEMENTATIONS = YES;
				CLANG_WARN_DIRECT_OBJC_ISA_USAGE = YES_ERROR;
				CLANG_WARN_DOCUMENTATION_COMMENTS = YES;
				CLANG_WARN_EMPTY_BODY = YES;
				CLANG_WARN_ENUM_CONVERSION = YES;
				CLANG_WARN_INFINITE_RECURSION = YES;
				CLANG_WARN_INT_CONVERSION = YES;
				CLANG_WARN_NON_LITERAL_NULL_CONVERSION = YES;
				CLANG_WARN_OBJC_IMPLICIT_RETAIN_SELF = YES;
				CLANG_WARN_OBJC_LITERAL_CONVERSION = YES;
				CLANG_WARN_OBJC_ROOT_CLASS = YES_ERROR;
				CLANG_WARN_QUOTED_INCLUDE_IN_FRAMEWORK_HEADER = YES;
				CLANG_WARN_RANGE_LOOP_ANALYSIS = YES;
				CLANG_WARN_STRICT_PROTOTYPES = YES;
				CLANG_WARN_SUSPICIOUS_MOVE = YES;
				CLANG_WARN_UNGUARDED_AVAILABILITY = YES_AGGRESSIVE;
				CLANG_WARN_UNREACHABLE_CODE = YES;
				CLANG_WARN__DUPLICATE_METHOD_MATCH = YES;
				COPY_PHASE_STRIP = NO;
				DEBUG_INFORMATION_FORMAT = dwarf;
				ENABLE_STRICT_OBJC_MSGSEND = YES;
				ENABLE_TESTABILITY = YES;
				GCC_C_LANGUAGE_STANDARD = gnu11;
				GCC_DYNAMIC_NO_PIC = NO;
				GCC_NO_COMMON_BLOCKS = YES;
				GCC_OPTIMIZATION_LEVEL = 0;
				GCC_PREPROCESSOR_DEFINITIONS = (
					"DEBUG=1",
					"$(inherited)",
				);
				GCC_WARN_64_TO_32_BIT_CONVERSION = YES;
				GCC_WARN_ABOUT_RETURN_TYPE = YES_ERROR;
				GCC_WARN_UNDECLARED_SELECTOR = YES;
				GCC_WARN_UNINITIALIZED_AUTOS = YES_AGGRESSIVE;
				GCC_WARN_UNUSED_FUNCTION = YES;
				GCC_WARN_UNUSED_VARIABLE = YES;
				IPHONEOS_DEPLOYMENT_TARGET = 15.2;
				MTL_ENABLE_DEBUG_INFO = INCLUDE_SOURCE;
				MTL_FAST_MATH = YES;
				ONLY_ACTIVE_ARCH = YES;
				SDKROOT = iphoneos;
				SWIFT_ACTIVE_COMPILATION_CONDITIONS = DEBUG;
				SWIFT_OPTIMIZATION_LEVEL = "-Onone";
			};
			name = Debug;
		};
		3E6C9EA427D6A4AB007B96BF /* Release */ = {
			isa = XCBuildConfiguration;
			buildSettings = {
				ALWAYS_SEARCH_USER_PATHS = NO;
				CLANG_ANALYZER_NONNULL = YES;
				CLANG_ANALYZER_NUMBER_OBJECT_CONVERSION = YES_AGGRESSIVE;
				CLANG_CXX_LANGUAGE_STANDARD = "gnu++17";
				CLANG_CXX_LIBRARY = "libc++";
				CLANG_ENABLE_MODULES = YES;
				CLANG_ENABLE_OBJC_ARC = YES;
				CLANG_ENABLE_OBJC_WEAK = YES;
				CLANG_WARN_BLOCK_CAPTURE_AUTORELEASING = YES;
				CLANG_WARN_BOOL_CONVERSION = YES;
				CLANG_WARN_COMMA = YES;
				CLANG_WARN_CONSTANT_CONVERSION = YES;
				CLANG_WARN_DEPRECATED_OBJC_IMPLEMENTATIONS = YES;
				CLANG_WARN_DIRECT_OBJC_ISA_USAGE = YES_ERROR;
				CLANG_WARN_DOCUMENTATION_COMMENTS = YES;
				CLANG_WARN_EMPTY_BODY = YES;
				CLANG_WARN_ENUM_CONVERSION = YES;
				CLANG_WARN_INFINITE_RECURSION = YES;
				CLANG_WARN_INT_CONVERSION = YES;
				CLANG_WARN_NON_LITERAL_NULL_CONVERSION = YES;
				CLANG_WARN_OBJC_IMPLICIT_RETAIN_SELF = YES;
				CLANG_WARN_OBJC_LITERAL_CONVERSION = YES;
				CLANG_WARN_OBJC_ROOT_CLASS = YES_ERROR;
				CLANG_WARN_QUOTED_INCLUDE_IN_FRAMEWORK_HEADER = YES;
				CLANG_WARN_RANGE_LOOP_ANALYSIS = YES;
				CLANG_WARN_STRICT_PROTOTYPES = YES;
				CLANG_WARN_SUSPICIOUS_MOVE = YES;
				CLANG_WARN_UNGUARDED_AVAILABILITY = YES_AGGRESSIVE;
				CLANG_WARN_UNREACHABLE_CODE = YES;
				CLANG_WARN__DUPLICATE_METHOD_MATCH = YES;
				COPY_PHASE_STRIP = NO;
				DEBUG_INFORMATION_FORMAT = "dwarf-with-dsym";
				ENABLE_NS_ASSERTIONS = NO;
				ENABLE_STRICT_OBJC_MSGSEND = YES;
				GCC_C_LANGUAGE_STANDARD = gnu11;
				GCC_NO_COMMON_BLOCKS = YES;
				GCC_WARN_64_TO_32_BIT_CONVERSION = YES;
				GCC_WARN_ABOUT_RETURN_TYPE = YES_ERROR;
				GCC_WARN_UNDECLARED_SELECTOR = YES;
				GCC_WARN_UNINITIALIZED_AUTOS = YES_AGGRESSIVE;
				GCC_WARN_UNUSED_FUNCTION = YES;
				GCC_WARN_UNUSED_VARIABLE = YES;
				IPHONEOS_DEPLOYMENT_TARGET = 15.2;
				MTL_ENABLE_DEBUG_INFO = NO;
				MTL_FAST_MATH = YES;
				SDKROOT = iphoneos;
				SWIFT_COMPILATION_MODE = wholemodule;
				SWIFT_OPTIMIZATION_LEVEL = "-O";
				VALIDATE_PRODUCT = YES;
			};
			name = Release;
		};
		3E6C9EA627D6A4AB007B96BF /* Debug */ = {
			isa = XCBuildConfiguration;
			buildSettings = {
				ASSETCATALOG_COMPILER_APPICON_NAME = AppIcon;
				ASSETCATALOG_COMPILER_GLOBAL_ACCENT_COLOR_NAME = AccentColor;
				CODE_SIGN_STYLE = Automatic;
				CURRENT_PROJECT_VERSION = 1;
				DEVELOPMENT_TEAM = BFW29W59H3;
				GENERATE_INFOPLIST_FILE = YES;
				INFOPLIST_FILE = "o2geeks-test/AppUtils/Info.plist";
				INFOPLIST_KEY_UIApplicationSupportsIndirectInputEvents = YES;
				INFOPLIST_KEY_UILaunchStoryboardName = LaunchScreen;
				INFOPLIST_KEY_UIMainStoryboardFile = Main;
				INFOPLIST_KEY_UISupportedInterfaceOrientations_iPad = "UIInterfaceOrientationPortrait UIInterfaceOrientationPortraitUpsideDown UIInterfaceOrientationLandscapeLeft UIInterfaceOrientationLandscapeRight";
				INFOPLIST_KEY_UISupportedInterfaceOrientations_iPhone = "UIInterfaceOrientationPortrait UIInterfaceOrientationLandscapeLeft UIInterfaceOrientationLandscapeRight";
				LD_RUNPATH_SEARCH_PATHS = (
					"$(inherited)",
					"@executable_path/Frameworks",
				);
				MARKETING_VERSION = 1.0;
				PRODUCT_BUNDLE_IDENTIFIER = "com.my.o2geeks-test";
				PRODUCT_NAME = "$(TARGET_NAME)";
				SWIFT_EMIT_LOC_STRINGS = YES;
				SWIFT_VERSION = 5.0;
				TARGETED_DEVICE_FAMILY = "1,2";
			};
			name = Debug;
		};
		3E6C9EA727D6A4AB007B96BF /* Release */ = {
			isa = XCBuildConfiguration;
			buildSettings = {
				ASSETCATALOG_COMPILER_APPICON_NAME = AppIcon;
				ASSETCATALOG_COMPILER_GLOBAL_ACCENT_COLOR_NAME = AccentColor;
				CODE_SIGN_STYLE = Automatic;
				CURRENT_PROJECT_VERSION = 1;
				DEVELOPMENT_TEAM = BFW29W59H3;
				GENERATE_INFOPLIST_FILE = YES;
				INFOPLIST_FILE = "o2geeks-test/AppUtils/Info.plist";
				INFOPLIST_KEY_UIApplicationSupportsIndirectInputEvents = YES;
				INFOPLIST_KEY_UILaunchStoryboardName = LaunchScreen;
				INFOPLIST_KEY_UIMainStoryboardFile = Main;
				INFOPLIST_KEY_UISupportedInterfaceOrientations_iPad = "UIInterfaceOrientationPortrait UIInterfaceOrientationPortraitUpsideDown UIInterfaceOrientationLandscapeLeft UIInterfaceOrientationLandscapeRight";
				INFOPLIST_KEY_UISupportedInterfaceOrientations_iPhone = "UIInterfaceOrientationPortrait UIInterfaceOrientationLandscapeLeft UIInterfaceOrientationLandscapeRight";
				LD_RUNPATH_SEARCH_PATHS = (
					"$(inherited)",
					"@executable_path/Frameworks",
				);
				MARKETING_VERSION = 1.0;
				PRODUCT_BUNDLE_IDENTIFIER = "com.my.o2geeks-test";
				PRODUCT_NAME = "$(TARGET_NAME)";
				SWIFT_EMIT_LOC_STRINGS = YES;
				SWIFT_VERSION = 5.0;
				TARGETED_DEVICE_FAMILY = "1,2";
			};
			name = Release;
		};
		3E6C9EA927D6A4AB007B96BF /* Debug */ = {
			isa = XCBuildConfiguration;
			buildSettings = {
				ALWAYS_EMBED_SWIFT_STANDARD_LIBRARIES = YES;
				BUNDLE_LOADER = "$(TEST_HOST)";
				CODE_SIGN_STYLE = Automatic;
				CURRENT_PROJECT_VERSION = 1;
				DEVELOPMENT_TEAM = BFW29W59H3;
				GENERATE_INFOPLIST_FILE = YES;
				IPHONEOS_DEPLOYMENT_TARGET = 15.2;
				MARKETING_VERSION = 1.0;
				PRODUCT_BUNDLE_IDENTIFIER = "com.my.o2geeks-testTests";
				PRODUCT_NAME = "$(TARGET_NAME)";
				SWIFT_EMIT_LOC_STRINGS = NO;
				SWIFT_VERSION = 5.0;
				TARGETED_DEVICE_FAMILY = "1,2";
				TEST_HOST = "$(BUILT_PRODUCTS_DIR)/o2geeks-test.app/o2geeks-test";
			};
			name = Debug;
		};
		3E6C9EAA27D6A4AB007B96BF /* Release */ = {
			isa = XCBuildConfiguration;
			buildSettings = {
				ALWAYS_EMBED_SWIFT_STANDARD_LIBRARIES = YES;
				BUNDLE_LOADER = "$(TEST_HOST)";
				CODE_SIGN_STYLE = Automatic;
				CURRENT_PROJECT_VERSION = 1;
				DEVELOPMENT_TEAM = BFW29W59H3;
				GENERATE_INFOPLIST_FILE = YES;
				IPHONEOS_DEPLOYMENT_TARGET = 15.2;
				MARKETING_VERSION = 1.0;
				PRODUCT_BUNDLE_IDENTIFIER = "com.my.o2geeks-testTests";
				PRODUCT_NAME = "$(TARGET_NAME)";
				SWIFT_EMIT_LOC_STRINGS = NO;
				SWIFT_VERSION = 5.0;
				TARGETED_DEVICE_FAMILY = "1,2";
				TEST_HOST = "$(BUILT_PRODUCTS_DIR)/o2geeks-test.app/o2geeks-test";
			};
			name = Release;
		};
		3E6C9EAC27D6A4AB007B96BF /* Debug */ = {
			isa = XCBuildConfiguration;
			buildSettings = {
				ALWAYS_EMBED_SWIFT_STANDARD_LIBRARIES = YES;
				CODE_SIGN_STYLE = Automatic;
				CURRENT_PROJECT_VERSION = 1;
				DEVELOPMENT_TEAM = BFW29W59H3;
				GENERATE_INFOPLIST_FILE = YES;
				MARKETING_VERSION = 1.0;
				PRODUCT_BUNDLE_IDENTIFIER = "com.my.o2geeks-testUITests";
				PRODUCT_NAME = "$(TARGET_NAME)";
				SWIFT_EMIT_LOC_STRINGS = NO;
				SWIFT_VERSION = 5.0;
				TARGETED_DEVICE_FAMILY = "1,2";
				TEST_TARGET_NAME = "o2geeks-test";
			};
			name = Debug;
		};
		3E6C9EAD27D6A4AB007B96BF /* Release */ = {
			isa = XCBuildConfiguration;
			buildSettings = {
				ALWAYS_EMBED_SWIFT_STANDARD_LIBRARIES = YES;
				CODE_SIGN_STYLE = Automatic;
				CURRENT_PROJECT_VERSION = 1;
				DEVELOPMENT_TEAM = BFW29W59H3;
				GENERATE_INFOPLIST_FILE = YES;
				MARKETING_VERSION = 1.0;
				PRODUCT_BUNDLE_IDENTIFIER = "com.my.o2geeks-testUITests";
				PRODUCT_NAME = "$(TARGET_NAME)";
				SWIFT_EMIT_LOC_STRINGS = NO;
				SWIFT_VERSION = 5.0;
				TARGETED_DEVICE_FAMILY = "1,2";
				TEST_TARGET_NAME = "o2geeks-test";
			};
			name = Release;
		};
/* End XCBuildConfiguration section */

/* Begin XCConfigurationList section */
		3E6C9E7627D6A4A8007B96BF /* Build configuration list for PBXProject "o2geeks-test" */ = {
			isa = XCConfigurationList;
			buildConfigurations = (
				3E6C9EA327D6A4AB007B96BF /* Debug */,
				3E6C9EA427D6A4AB007B96BF /* Release */,
			);
			defaultConfigurationIsVisible = 0;
			defaultConfigurationName = Release;
		};
		3E6C9EA527D6A4AB007B96BF /* Build configuration list for PBXNativeTarget "o2geeks-test" */ = {
			isa = XCConfigurationList;
			buildConfigurations = (
				3E6C9EA627D6A4AB007B96BF /* Debug */,
				3E6C9EA727D6A4AB007B96BF /* Release */,
			);
			defaultConfigurationIsVisible = 0;
			defaultConfigurationName = Release;
		};
		3E6C9EA827D6A4AB007B96BF /* Build configuration list for PBXNativeTarget "o2geeks-testTests" */ = {
			isa = XCConfigurationList;
			buildConfigurations = (
				3E6C9EA927D6A4AB007B96BF /* Debug */,
				3E6C9EAA27D6A4AB007B96BF /* Release */,
			);
			defaultConfigurationIsVisible = 0;
			defaultConfigurationName = Release;
		};
		3E6C9EAB27D6A4AB007B96BF /* Build configuration list for PBXNativeTarget "o2geeks-testUITests" */ = {
			isa = XCConfigurationList;
			buildConfigurations = (
				3E6C9EAC27D6A4AB007B96BF /* Debug */,
				3E6C9EAD27D6A4AB007B96BF /* Release */,
			);
			defaultConfigurationIsVisible = 0;
			defaultConfigurationName = Release;
		};
/* End XCConfigurationList section */
	};
	rootObject = 3E6C9E7327D6A4A8007B96BF /* Project object */;
}
